
Microsoft Visual Studio Solution File, Format Version 12.00
# Visual Studio Version 17
VisualStudioVersion = 17.1.32228.430
MinimumVisualStudioVersion = 10.0.40219.1
Project("{FAE04EC0-301F-11D3-BF4B-00C04F79EFBC}") = "MultiThreadingPgm", "MultiThreadingPgm\MultiThreadingPgm.csproj", "{C6D8B3C1-FA26-4E36-963A-814DA96D3DCA}"
EndProject
Project("{FAE04EC0-301F-11D3-BF4B-00C04F79EFBC}") = "TestMethod", "TestMethod\TestMethod.csproj", "{0B6CEB54-D27E-4F4E-84C1-B743E69F8F1C}"
EndProject
Global
	GlobalSection(SolutionConfigurationPlatforms) = preSolution
		Debug|Any CPU = Debug|Any CPU
		Release|Any CPU = Release|Any CPU
	EndGlobalSection
	GlobalSection(ProjectConfigurationPlatforms) = postSolution
		{C6D8B3C1-FA26-4E36-963A-814DA96D3DCA}.Debug|Any CPU.ActiveCfg = Debug|Any CPU
		{C6D8B3C1-FA26-4E36-963A-814DA96D3DCA}.Debug|Any CPU.Build.0 = Debug|Any CPU
		{C6D8B3C1-FA26-4E36-963A-814DA96D3DCA}.Release|Any CPU.ActiveCfg = Release|Any CPU
		{C6D8B3C1-FA26-4E36-963A-814DA96D3DCA}.Release|Any CPU.Build.0 = Release|Any CPU
		{0B6CEB54-D27E-4F4E-84C1-B743E69F8F1C}.Debug|Any CPU.ActiveCfg = Debug|Any CPU
		{0B6CEB54-D27E-4F4E-84C1-B743E69F8F1C}.Debug|Any CPU.Build.0 = Debug|Any CPU
		{0B6CEB54-D27E-4F4E-84C1-B743E69F8F1C}.Release|Any CPU.ActiveCfg = Release|Any CPU
		{0B6CEB54-D27E-4F4E-84C1-B743E69F8F1C}.Release|Any CPU.Build.0 = Release|Any CPU
	EndGlobalSection
	GlobalSection(SolutionProperties) = preSolution
		HideSolutionNode = FALSE
	EndGlobalSection
	GlobalSection(ExtensibilityGlobals) = postSolution
		SolutionGuid = {9E538009-107F-4539-B0C1-8EEBFA5B3F12}
	EndGlobalSection
EndGlobal
